<?xml version="1.0" encoding="utf-8"?>
<Project ToolsVersion="4.0" xmlns="http://schemas.microsoft.com/developer/msbuild/2003">
  <ItemGroup>
    <Filter Include="OgreMaxFiles">
      <UniqueIdentifier>{fd7bd16a-7d86-4044-9e0f-8143752b4a72}</UniqueIdentifier>
    </Filter>
    <Filter Include="inc">
      <UniqueIdentifier>{93995380-89BD-4b04-88EB-625FBE52EBFB}</UniqueIdentifier>
      <Extensions>h;hpp;hxx;hm;inl;inc;xsd</Extensions>
    </Filter>
    <Filter Include="src">
      <UniqueIdentifier>{4FC737F1-C7A5-4376-A066-2A32D752A2FF}</UniqueIdentifier>
      <Extensions>cpp;c;cc;cxx;def;odl;idl;hpj;bat;asm;asmx</Extensions>
    </Filter>
    <Filter Include="res">
      <UniqueIdentifier>{67DA6AB6-F800-4c08-8B7A-83BB121AAD01}</UniqueIdentifier>
      <Extensions>rc;ico;cur;bmp;dlg;rc2;rct;bin;rgs;gif;jpg;jpeg;jpe;resx;tiff;tif;png;wav;mfcribbon-ms</Extensions>
    </Filter>
  </ItemGroup>
  <ItemGroup>
    <None Include="..\..\res\GraphicsEngine.ico">
      <Filter>res</Filter>
    </None>
    <None Include="..\..\Readme.md" />
  </ItemGroup>
  <ItemGroup>
    <ClCompile Include="..\..\src\ARBaseProject.cpp">
      <Filter>src</Filter>
    </ClCompile>
    <ClCompile Include="..\..\src\BaseApplication.cpp">
      <Filter>src</Filter>
    </ClCompile>
    <ClCompile Include="..\..\src\GraphicsEngine.cpp">
      <Filter>src</Filter>
    </ClCompile>
    <ClCompile Include="..\..\src\ARManager.cpp">
      <Filter>src</Filter>
    </ClCompile>
    <ClCompile Include="..\..\src\VideoInput.cpp">
      <Filter>src</Filter>
    </ClCompile>
    <ClCompile Include="..\..\src\VideoFrame.cpp">
      <Filter>src</Filter>
    </ClCompile>
    <ClCompile Include="..\..\src\AREngine.cpp">
      <Filter>src</Filter>
    </ClCompile>
    <ClCompile Include="..\..\src\PatternManager.cpp">
      <Filter>src</Filter>
    </ClCompile>
    <ClCompile Include="..\..\src\XmlSerializer.cpp">
      <Filter>src</Filter>
    </ClCompile>
    <ClCompile Include="..\..\src\Model.cpp">
      <Filter>src</Filter>
    </ClCompile>
    <ClCompile Include="..\..\src\ARException.cpp">
      <Filter>src</Filter>
    </ClCompile>
    <ClCompile Include="..\..\src\CarController.cpp">
      <Filter>src</Filter>
    </ClCompile>
    <ClCompile Include="..\..\src\HelicopterController.cpp">
      <Filter>src</Filter>
    </ClCompile>
    <ClCompile Include="..\..\lib\OgreMaxViewers\Common\Code\OgreMaxModel.cpp">
      <Filter>src</Filter>
    </ClCompile>
    <ClCompile Include="..\..\lib\OgreMaxViewers\Common\Code\OgreMaxScene.cpp">
      <Filter>src</Filter>
    </ClCompile>
    <ClCompile Include="..\..\lib\OgreMaxViewers\Common\Code\OgreMaxUtilities.cpp">
      <Filter>src</Filter>
    </ClCompile>
    <ClCompile Include="..\..\lib\OgreMaxViewers\Common\Code\ProgressCalculator.cpp">
      <Filter>src</Filter>
    </ClCompile>
    <ClCompile Include="..\..\lib\OgreMaxViewers\Common\Code\Version.cpp">
      <Filter>src</Filter>
    </ClCompile>
    <ClCompile Include="..\..\inc\XmlSerializer.cxx">
      <Filter>inc</Filter>
    </ClCompile>
    <ClCompile Include="..\..\inc\XmlSerializerImpl.cxx">
      <Filter>inc</Filter>
    </ClCompile>
  </ItemGroup>
  <ItemGroup>
    <ClInclude Include="..\..\inc\BaseApplication.h">
      <Filter>inc</Filter>
    </ClInclude>
    <ClInclude Include="..\..\inc\GraphicsEngine.h">
      <Filter>inc</Filter>
    </ClInclude>
    <ClInclude Include="..\..\res\Resource.h">
      <Filter>res</Filter>
    </ClInclude>
    <ClInclude Include="..\..\inc\ARManager.h">
      <Filter>inc</Filter>
    </ClInclude>
    <ClInclude Include="..\..\inc\VideoInput.h">
      <Filter>inc</Filter>
    </ClInclude>
    <ClInclude Include="..\..\inc\VideoFrame.h">
      <Filter>inc</Filter>
    </ClInclude>
    <ClInclude Include="..\..\inc\AREngine.h">
      <Filter>inc</Filter>
    </ClInclude>
    <ClInclude Include="..\..\inc\PatternManager.h">
      <Filter>inc</Filter>
    </ClInclude>
    <ClInclude Include="..\..\inc\XmlSerializer.h">
      <Filter>inc</Filter>
    </ClInclude>
    <ClInclude Include="..\..\inc\Model.h">
      <Filter>inc</Filter>
    </ClInclude>
    <ClInclude Include="..\..\inc\ARException.h">
      <Filter>inc</Filter>
    </ClInclude>
    <ClInclude Include="..\..\res\resource.h">
      <Filter>Header Files</Filter>
    </ClInclude>
    <ClInclude Include="..\..\inc\CarController.h">
      <Filter>inc</Filter>
    </ClInclude>
    <ClInclude Include="..\..\inc\ModelController.h">
      <Filter>inc</Filter>
    </ClInclude>
    <ClInclude Include="..\..\inc\Utils.h">
      <Filter>inc</Filter>
    </ClInclude>
    <ClInclude Include="..\..\inc\HelicopterController.h">
      <Filter>inc</Filter>
    </ClInclude>
    <ClInclude Include="..\..\lib\OgreMaxViewers\Common\Code\OgreMaxModel.hpp">
      <Filter>inc</Filter>
    </ClInclude>
    <ClInclude Include="..\..\lib\OgreMaxViewers\Common\Code\OgreMaxPlatform.hpp">
      <Filter>inc</Filter>
    </ClInclude>
    <ClInclude Include="..\..\lib\OgreMaxViewers\Common\Code\OgreMaxRenderWindowIterator.hpp">
      <Filter>inc</Filter>
    </ClInclude>
    <ClInclude Include="..\..\lib\OgreMaxViewers\Common\Code\OgreMaxScene.hpp">
      <Filter>inc</Filter>
    </ClInclude>
    <ClInclude Include="..\..\lib\OgreMaxViewers\Common\Code\OgreMaxTypes.hpp">
      <Filter>inc</Filter>
    </ClInclude>
    <ClInclude Include="..\..\lib\OgreMaxViewers\Common\Code\OgreMaxUtilities.hpp">
      <Filter>inc</Filter>
    </ClInclude>
    <ClInclude Include="..\..\lib\OgreMaxViewers\Common\Code\ProgressCalculator.hpp">
      <Filter>inc</Filter>
    </ClInclude>
    <ClInclude Include="..\..\lib\OgreMaxViewers\Common\Code\Version.hpp">
      <Filter>inc</Filter>
    </ClInclude>
  </ItemGroup>
  <ItemGroup>
    <ResourceCompile Include="..\..\res\GraphicsEngine.res">
      <Filter>res</Filter>
    </ResourceCompile>
    <ResourceCompile Include="ARBaseProject.rc">
      <Filter>res</Filter>
    </ResourceCompile>
  </ItemGroup>
</Project>